
Microsoft Visual Studio Solution File, Format Version 12.00
# Visual Studio 14
VisualStudioVersion = 14.0.25420.1
MinimumVisualStudioVersion = 10.0.40219.1
Project("{8BC9CEB8-8B4A-11D0-8D11-00A0C91BC942}") = "AppInst", "AppInst.vcxproj", "{63852E02-26E3-4EE7-A4B7-9349108F1787}"
EndProject
Global
	GlobalSection(SolutionConfigurationPlatforms) = preSolution
		Debug|x64 = Debug|x64
		Debug|x86 = Debug|x86
		Release|x64 = Release|x64
		Release|x86 = Release|x86
	EndGlobalSection
	GlobalSection(ProjectConfigurationPlatforms) = postSolution
		{63852E02-26E3-4EE7-A4B7-9349108F1787}.Debug|x64.ActiveCfg = Debug|x64
		{63852E02-26E3-4EE7-A4B7-9349108F1787}.Debug|x64.Build.0 = Debug|x64
		{63852E02-26E3-4EE7-A4B7-9349108F1787}.Debug|x86.ActiveCfg = Debug|Win32
		{63852E02-26E3-4EE7-A4B7-9349108F1787}.Debug|x86.Build.0 = Debug|Win32
		{63852E02-26E3-4EE7-A4B7-9349108F1787}.Release|x64.ActiveCfg = Release|x64
		{63852E02-26E3-4EE7-A4B7-9349108F1787}.Release|x64.Build.0 = Release|x64
		{63852E02-26E3-4EE7-A4B7-9349108F1787}.Release|x86.ActiveCfg = Release|Win32
		{63852E02-26E3-4EE7-A4B7-9349108F1787}.Release|x86.Build.0 = Release|Win32
	EndGlobalSection
	GlobalSection(SolutionProperties) = preSolution
		HideSolutionNode = FALSE
	EndGlobalSection
EndGlobal
